
Microsoft Visual Studio Solution File, Format Version 12.00
# Visual Studio Version 17
VisualStudioVersion = 17.4.33213.308
MinimumVisualStudioVersion = 10.0.40219.1
Project("{FAE04EC0-301F-11D3-BF4B-00C04F79EFBC}") = "CsvMapper", "CsvMapper\CsvMapper.csproj", "{703BCA75-2312-419E-A343-893CC87222E6}"
EndProject
Project("{FAE04EC0-301F-11D3-BF4B-00C04F79EFBC}") = "CsvMapperTest", "CsvMapperTest\CsvMapperTest.csproj", "{94EBAE6B-D469-4BD3-AA24-869D3282A6E8}"
	ProjectSection(ProjectDependencies) = postProject
		{703BCA75-2312-419E-A343-893CC87222E6} = {703BCA75-2312-419E-A343-893CC87222E6}
	EndProjectSection
EndProject
Global
	GlobalSection(SolutionConfigurationPlatforms) = preSolution
		Debug|Any CPU = Debug|Any CPU
		Release|Any CPU = Release|Any CPU
	EndGlobalSection
	GlobalSection(ProjectConfigurationPlatforms) = postSolution
		{703BCA75-2312-419E-A343-893CC87222E6}.Debug|Any CPU.ActiveCfg = Debug|Any CPU
		{703BCA75-2312-419E-A343-893CC87222E6}.Debug|Any CPU.Build.0 = Debug|Any CPU
		{703BCA75-2312-419E-A343-893CC87222E6}.Release|Any CPU.ActiveCfg = Release|Any CPU
		{703BCA75-2312-419E-A343-893CC87222E6}.Release|Any CPU.Build.0 = Release|Any CPU
		{94EBAE6B-D469-4BD3-AA24-869D3282A6E8}.Debug|Any CPU.ActiveCfg = Debug|Any CPU
		{94EBAE6B-D469-4BD3-AA24-869D3282A6E8}.Debug|Any CPU.Build.0 = Debug|Any CPU
		{94EBAE6B-D469-4BD3-AA24-869D3282A6E8}.Release|Any CPU.ActiveCfg = Release|Any CPU
		{94EBAE6B-D469-4BD3-AA24-869D3282A6E8}.Release|Any CPU.Build.0 = Release|Any CPU
	EndGlobalSection
	GlobalSection(SolutionProperties) = preSolution
		HideSolutionNode = FALSE
	EndGlobalSection
	GlobalSection(ExtensibilityGlobals) = postSolution
		SolutionGuid = {052EC64F-5664-403F-A589-DF4A076763C6}
	EndGlobalSection
EndGlobal
